{
  "version": "1",
  "sources": {
    "agenix": {
      "type": "GitHub",
      "fetchType": "tarball",
      "owner": "ryantm",
      "repo": "agenix",
      "branch": "main",
      "revision": "9edb1787864c4f59ae5074ad498b6272b3ec308d",
      "url": "https://github.com/ryantm/agenix/archive/9edb1787864c4f59ae5074ad498b6272b3ec308d.tar.gz",
      "hash": "sha256-NA/FT2hVhKDftbHSwVnoRTFhes62+7dxZbxj5Gxvghs="
    },
    "buildbot-nix": {
      "type": "GitHub",
      "fetchType": "tarball",
      "owner": "camillemndn",
      "repo": "buildbot-nix",
      "branch": "main",
      "revision": "0c93491166bfe2c6d39827eae377f0a15972abbb",
      "url": "https://github.com/camillemndn/buildbot-nix/archive/0c93491166bfe2c6d39827eae377f0a15972abbb.tar.gz",
      "hash": "sha256-J/cNezW+92I/mrrKM8P5rmz9KsfU+tA6FsnDN/2chG0="
    },
    "colmena": {
      "type": "GitHub",
      "fetchType": "tarball",
      "owner": "zhaofengli",
      "repo": "colmena",
      "branch": "main",
      "revision": "5bf4ce6a24adba74a5184f4a9bef01d545a09473",
      "url": "https://github.com/zhaofengli/colmena/archive/5bf4ce6a24adba74a5184f4a9bef01d545a09473.tar.gz",
      "hash": "sha256-ypTPb2eKcOBbOoyvPV0j4ZOXs4kayo73/2KI456QnE0="
    },
    "disko": {
      "type": "GitHub",
      "fetchType": "tarball",
      "owner": "nix-community",
      "repo": "disko",
      "branch": "master",
      "revision": "67ff9807dd148e704baadbd4fd783b54282ca627",
      "url": "https://github.com/nix-community/disko/archive/67ff9807dd148e704baadbd4fd783b54282ca627.tar.gz",
      "hash": "sha256-IGmaEf3Do8o5Cwp1kXBN1wQmZwQN3NLfq5t4nHtVtcU="
    },
    "git-hooks": {
      "type": "GitHub",
      "fetchType": "tarball",
      "owner": "cachix",
      "repo": "git-hooks.nix",
      "branch": "master",
      "revision": "46d55f0aeb1d567a78223e69729734f3dca25a85",
      "url": "https://github.com/cachix/git-hooks.nix/archive/46d55f0aeb1d567a78223e69729734f3dca25a85.tar.gz",
      "hash": "sha256-WftxJgr2MeDDFK47fQKywzC72L2jRc/PWcyGdjaDzkw="
    },
    "gradle2nix": {
      "type": "GitHub",
      "fetchType": "tarball",
      "owner": "milahu",
      "repo": "gradle2nix",
      "branch": "pull69-patch1",
      "revision": "8f203488797538001216d35eb5b315aa2b49fa14",
      "url": "https://github.com/milahu/gradle2nix/archive/8f203488797538001216d35eb5b315aa2b49fa14.tar.gz",
      "hash": "sha256-UPRvX7wM5axBhcLhoUugOO8Zd40tEInmI76Gd7XkQK4="
    },
    "home-manager": {
      "type": "GitHub",
      "fetchType": "tarball",
      "owner": "nix-community",
      "repo": "home-manager",
      "branch": "release-25.05",
      "revision": "3b955f5f0a942f9f60cdc9cacb7844335d0f21c3",
      "url": "https://github.com/nix-community/home-manager/archive/3b955f5f0a942f9f60cdc9cacb7844335d0f21c3.tar.gz",
      "hash": "sha256-uhzsV0Q0I9j2y/rfweWeGif5AWe0MGrgZ/3TjpDYdGA="
    },
    "impermanence": {
      "type": "GitHub",
      "fetchType": "tarball",
      "owner": "nix-community",
      "repo": "impermanence",
      "branch": "master",
      "revision": "4b3e914cdf97a5b536a889e939fb2fd2b043a170",
      "url": "https://github.com/nix-community/impermanence/archive/4b3e914cdf97a5b536a889e939fb2fd2b043a170.tar.gz",
      "hash": "sha256-LJggUHbpyeDvNagTUrdhe/pRVp4pnS6wVKALS782gRI="
    },
    "lanzaboote": {
      "type": "GitHub",
      "fetchType": "tarball",
      "owner": "nix-community",
      "repo": "lanzaboote",
      "branch": "master",
      "revision": "747b7912f49e2885090c83364d88cf853a020ac1",
      "url": "https://github.com/nix-community/lanzaboote/archive/747b7912f49e2885090c83364d88cf853a020ac1.tar.gz",
      "hash": "sha256-EyZXusK/wRD3V9vDh00W2Re3Eg8UQ+LjVBQrrH9dq1U="
    },
    "musnix": {
      "type": "GitHub",
      "fetchType": "tarball",
      "owner": "musnix",
      "repo": "musnix",
      "branch": "master",
      "revision": "7ccc92050e43dc92309396c6f2fe1f542214a242",
      "url": "https://github.com/musnix/musnix/archive/7ccc92050e43dc92309396c6f2fe1f542214a242.tar.gz",
      "hash": "sha256-qPere4RBHoZxiEGl8zXU8gjroZg4gkYGEwaAbKmL4vE="
    },
    "nix-index-database": {
      "type": "GitHub",
      "fetchType": "tarball",
      "owner": "mic92",
      "repo": "nix-index-database",
      "branch": "main",
      "revision": "c9f5ea45f25652ec2f771f9426ccacb21cbbaeaa",
      "url": "https://github.com/mic92/nix-index-database/archive/c9f5ea45f25652ec2f771f9426ccacb21cbbaeaa.tar.gz",
      "hash": "sha256-OD7QnaGEVNdukYEbJbUNWPsvnDrpbZOZxVIk6Pt9Jhw="
    },
    "nixos-anywhere": {
      "type": "GitHub",
      "fetchType": "tarball",
      "owner": "nix-community",
      "repo": "nixos-anywhere",
      "branch": "main",
      "revision": "25d23ef77d2c54ad1c08caafee022834265804dc",
      "url": "https://github.com/nix-community/nixos-anywhere/archive/25d23ef77d2c54ad1c08caafee022834265804dc.tar.gz",
      "hash": "sha256-7zuh0xtYZnfyibIRCiK4KthXNZIV/9pa7wSjNJUV3Qk="
    },
    "nixpkgs": {
      "type": "GitHub",
      "fetchType": "tarball",
      "owner": "NixOS",
      "repo": "nixpkgs",
      "branch": "nixos-25.05",
      "revision": "a493e93b4a259cd9fea8073f89a7ed9b1c5a1da2",
      "url": "https://github.com/NixOS/nixpkgs/archive/a493e93b4a259cd9fea8073f89a7ed9b1c5a1da2.tar.gz",
      "hash": "sha256-Tb+NYuJhWZieDZUxN6PgglB16yuqBYQeMJyYBGCXlt8="
    },
    "nixpkgs-unstable": {
      "type": "GitHub",
      "fetchType": "tarball",
      "owner": "NixOS",
      "repo": "nixpkgs",
      "branch": "nixos-unstable",
      "revision": "544961dfcce86422ba200ed9a0b00dd4b1486ec5",
      "url": "https://github.com/NixOS/nixpkgs/archive/544961dfcce86422ba200ed9a0b00dd4b1486ec5.tar.gz",
      "hash": "sha256-EVAqOteLBFmd7pKkb0+FIUyzTF61VKi7YmvP1tw4nEw="
    },
    "stylix": {
      "type": "GitHub",
      "fetchType": "tarball",
      "owner": "nix-community",
      "repo": "stylix",
      "branch": "release-25.05",
      "revision": "1ec254101285777db13922303cc47ded06e10bb3",
      "url": "https://github.com/nix-community/stylix/archive/1ec254101285777db13922303cc47ded06e10bb3.tar.gz",
      "hash": "sha256-Y4l+Y3zUvqIDbyLrtOrzNvp1o50Fp9TYK+iwtwweFU4="
    }
  }
}
