{
  "version": "1",
  "sources": {
    "agenix": {
      "type": "GitHub",
      "fetchType": "tarball",
      "owner": "ryantm",
      "repo": "agenix",
      "branch": "main",
      "revision": "9edb1787864c4f59ae5074ad498b6272b3ec308d",
      "url": "https://github.com/ryantm/agenix/archive/9edb1787864c4f59ae5074ad498b6272b3ec308d.tar.gz",
      "hash": "sha256-NA/FT2hVhKDftbHSwVnoRTFhes62+7dxZbxj5Gxvghs="
    },
    "buildbot-nix": {
      "type": "GitHub",
      "fetchType": "tarball",
      "owner": "camillemndn",
      "repo": "buildbot-nix",
      "branch": "main",
      "revision": "0c93491166bfe2c6d39827eae377f0a15972abbb",
      "url": "https://github.com/camillemndn/buildbot-nix/archive/0c93491166bfe2c6d39827eae377f0a15972abbb.tar.gz",
      "hash": "0vc4kkykghy92qxd1ynlqwmgsv5fz71k7jmsk8zn5xxy6mxhvxr7"
    },
    "colmena": {
      "type": "GitHub",
      "fetchType": "tarball",
      "owner": "zhaofengli",
      "repo": "colmena",
      "branch": "main",
      "revision": "5bf4ce6a24adba74a5184f4a9bef01d545a09473",
      "url": "https://github.com/zhaofengli/colmena/archive/5bf4ce6a24adba74a5184f4a9bef01d545a09473.tar.gz",
      "hash": "sha256-ypTPb2eKcOBbOoyvPV0j4ZOXs4kayo73/2KI456QnE0="
    },
    "disko": {
      "type": "GitHub",
      "fetchType": "tarball",
      "owner": "nix-community",
      "repo": "disko",
      "branch": "master",
      "revision": "bafad29f89e83b2d861b493aa23034ea16595560",
      "url": "https://github.com/nix-community/disko/archive/bafad29f89e83b2d861b493aa23034ea16595560.tar.gz",
      "hash": "sha256-iv8xVtmLMNLWFcDM/HcAPLRGONyTRpzL9NS09RnryRM="
    },
    "git-hooks": {
      "type": "GitHub",
      "fetchType": "tarball",
      "owner": "cachix",
      "repo": "git-hooks.nix",
      "branch": "master",
      "revision": "e891a93b193fcaf2fc8012d890dc7f0befe86ec2",
      "url": "https://github.com/cachix/git-hooks.nix/archive/e891a93b193fcaf2fc8012d890dc7f0befe86ec2.tar.gz",
      "hash": "sha256-RF7j6C1TmSTK9tYWO6CdEMtg6XZaUKcvZwOCD2SICZs="
    },
    "gradle2nix": {
      "type": "GitHub",
      "fetchType": "tarball",
      "owner": "milahu",
      "repo": "gradle2nix",
      "branch": "pull69-patch1",
      "revision": "8f203488797538001216d35eb5b315aa2b49fa14",
      "url": "https://github.com/milahu/gradle2nix/archive/8f203488797538001216d35eb5b315aa2b49fa14.tar.gz",
      "hash": "1bj0wjspg1my4gk8j41dimvikvrql15s3qf2hm0srr8cpignzx2h"
    },
    "home-manager": {
      "type": "GitHub",
      "fetchType": "tarball",
      "owner": "nix-community",
      "repo": "home-manager",
      "branch": "release-25.05",
      "revision": "54b2879ce622d44415e727905925e21b8f833a98",
      "url": "https://github.com/nix-community/home-manager/archive/54b2879ce622d44415e727905925e21b8f833a98.tar.gz",
      "hash": "sha256-aAZNbGcWrVRZgWgkQbkabSGcDVRDMgON4BipMy69gvI="
    },
    "impermanence": {
      "type": "GitHub",
      "fetchType": "tarball",
      "owner": "nix-community",
      "repo": "impermanence",
      "branch": "master",
      "revision": "4b3e914cdf97a5b536a889e939fb2fd2b043a170",
      "url": "https://github.com/nix-community/impermanence/archive/4b3e914cdf97a5b536a889e939fb2fd2b043a170.tar.gz",
      "hash": "04l16szln2x0ajq2x799krb53ykvc6vm44x86ppy1jg9fr82161c"
    },
    "lanzaboote": {
      "type": "GitHub",
      "fetchType": "tarball",
      "owner": "nix-community",
      "repo": "lanzaboote",
      "branch": "master",
      "revision": "892cbdca865d6b42f9c0d222fe309f7720259855",
      "url": "https://github.com/nix-community/lanzaboote/archive/892cbdca865d6b42f9c0d222fe309f7720259855.tar.gz",
      "hash": "sha256-aD6/scLN3L4ZszmNbhhd3JQ9Pzv1ScYFphz14wHinfs="
    },
    "musnix": {
      "type": "GitHub",
      "fetchType": "tarball",
      "owner": "musnix",
      "repo": "musnix",
      "branch": "master",
      "revision": "d56a15f30329f304151e4e05fa82264d127da934",
      "url": "https://github.com/musnix/musnix/archive/d56a15f30329f304151e4e05fa82264d127da934.tar.gz",
      "hash": "1q55vg0mcbagn3l4hj3ljzijzvd3id5rjsc2zv577fq1qwlrn4kr"
    },
    "nix-index-database": {
      "type": "GitHub",
      "fetchType": "tarball",
      "owner": "mic92",
      "repo": "nix-index-database",
      "branch": "main",
      "revision": "52dec1cb33a614accb9e01307e17816be974d24d",
      "url": "https://github.com/mic92/nix-index-database/archive/52dec1cb33a614accb9e01307e17816be974d24d.tar.gz",
      "hash": "sha256-rfTBWuTXi9/X7GhtF562FKNXKh2kvKb6dwI5lV1SjPE="
    },
    "nixos-anywhere": {
      "type": "GitHub",
      "fetchType": "tarball",
      "owner": "nix-community",
      "repo": "nixos-anywhere",
      "branch": "main",
      "revision": "dc1df558e51f41d0782eef312f04a2e0e4c9ce8a",
      "url": "https://github.com/nix-community/nixos-anywhere/archive/dc1df558e51f41d0782eef312f04a2e0e4c9ce8a.tar.gz",
      "hash": "sha256-wNrnVlg+d0GXbmT+MDS6xMIkB+Su437fuP1DZpwaLiI="
    },
    "nixpkgs": {
      "type": "GitHub",
      "fetchType": "tarball",
      "owner": "NixOS",
      "repo": "nixpkgs",
      "branch": "nixos-25.05",
      "revision": "84c26d62ce9e15489c63b83fc44e6eb62705d2c9",
      "url": "https://github.com/NixOS/nixpkgs/archive/84c26d62ce9e15489c63b83fc44e6eb62705d2c9.tar.gz",
      "hash": "sha256-al0UcN5mXrO/p5lcH0MuQaj+t97s3brzCii8GfCBMuA="
    },
    "nixpkgs-unstable": {
      "type": "GitHub",
      "fetchType": "tarball",
      "owner": "NixOS",
      "repo": "nixpkgs",
      "branch": "nixos-unstable",
      "revision": "dfb2f12e899db4876308eba6d93455ab7da304cd",
      "url": "https://github.com/NixOS/nixpkgs/archive/dfb2f12e899db4876308eba6d93455ab7da304cd.tar.gz",
      "hash": "sha256-1wxxznpW2CKvI9VdniaUnTT2Os6rdRJcRUf65ZK9OtE="
    },
    "stylix": {
      "type": "GitHub",
      "fetchType": "tarball",
      "owner": "nix-community",
      "repo": "stylix",
      "branch": "release-25.05",
      "revision": "79be65b20d7b8fb7e8f39ba8121cfe41b7f46808",
      "url": "https://github.com/nix-community/stylix/archive/79be65b20d7b8fb7e8f39ba8121cfe41b7f46808.tar.gz",
      "hash": "sha256-VmheUy4UzWDy/u0TvCCHptgF30peL7wRxkHy7EVpDrQ="
    }
  }
}
