diff --git a/package.json b/package.json
index b246e38..0e659f3 100644
--- a/package.json
+++ b/package.json
@@ -68,7 +68,6 @@
     "eslint-plugin-vue": "6.2.x",
     "express": "4.17.x",
     "hygen": "4.0.x",
-    "imagemin-lint-staged": "0.4.x",
     "lint-staged": "10.0.x",
     "markdownlint-cli": "^0.31.1",
     "npm-run-all": "4.1.x",
